
Microsoft Visual Studio Solution File, Format Version 12.00
# Visual Studio Version 16
VisualStudioVersion = 16.0.32002.261
MinimumVisualStudioVersion = 10.0.40219.1
Project("{FAE04EC0-301F-11D3-BF4B-00C04F79EFBC}") = "Seating", "Seating.csproj", "{532143A7-8C08-4A21-81EB-82885C0BCDEA}"
EndProject
Global
	GlobalSection(SolutionConfigurationPlatforms) = preSolution
		Debug|Any CPU = Debug|Any CPU
		Release|Any CPU = Release|Any CPU
	EndGlobalSection
	GlobalSection(ProjectConfigurationPlatforms) = postSolution
		{532143A7-8C08-4A21-81EB-82885C0BCDEA}.Debug|Any CPU.ActiveCfg = Debug|Any CPU
		{532143A7-8C08-4A21-81EB-82885C0BCDEA}.Debug|Any CPU.Build.0 = Debug|Any CPU
		{532143A7-8C08-4A21-81EB-82885C0BCDEA}.Release|Any CPU.ActiveCfg = Release|Any CPU
		{532143A7-8C08-4A21-81EB-82885C0BCDEA}.Release|Any CPU.Build.0 = Release|Any CPU
	EndGlobalSection
	GlobalSection(SolutionProperties) = preSolution
		HideSolutionNode = FALSE
	EndGlobalSection
	GlobalSection(ExtensibilityGlobals) = postSolution
		SolutionGuid = {E8066285-D373-42BA-BBE3-2339F1B3A3AD}
	EndGlobalSection
EndGlobal
